
Microsoft Visual Studio Solution File, Format Version 12.00
# Visual Studio Version 17
VisualStudioVersion = 17.2.32519.379
MinimumVisualStudioVersion = 10.0.40219.1
Project("{FAE04EC0-301F-11D3-BF4B-00C04F79EFBC}") = "CadastroProduto", "CadastroProduto\CadastroProduto.csproj", "{A19C8716-B0BA-47EB-BF5F-7D1EE0D6969F}"
EndProject
Global
	GlobalSection(SolutionConfigurationPlatforms) = preSolution
		Debug|Any CPU = Debug|Any CPU
		Release|Any CPU = Release|Any CPU
	EndGlobalSection
	GlobalSection(ProjectConfigurationPlatforms) = postSolution
		{A19C8716-B0BA-47EB-BF5F-7D1EE0D6969F}.Debug|Any CPU.ActiveCfg = Debug|Any CPU
		{A19C8716-B0BA-47EB-BF5F-7D1EE0D6969F}.Debug|Any CPU.Build.0 = Debug|Any CPU
		{A19C8716-B0BA-47EB-BF5F-7D1EE0D6969F}.Release|Any CPU.ActiveCfg = Release|Any CPU
		{A19C8716-B0BA-47EB-BF5F-7D1EE0D6969F}.Release|Any CPU.Build.0 = Release|Any CPU
	EndGlobalSection
	GlobalSection(SolutionProperties) = preSolution
		HideSolutionNode = FALSE
	EndGlobalSection
	GlobalSection(ExtensibilityGlobals) = postSolution
		SolutionGuid = {5D16D158-BE72-4BF6-8566-F7519F57A194}
	EndGlobalSection
EndGlobal
